// !$*UTF8*$!
{
	archiveVersion = 1;
	classes = {
	};
	objectVersion = 50;
	objects = {

/* Begin PBXBuildFile section */
		4F5F73452250362B009E8351 /* WeatherDataModel.m in Sources */ = {isa = PBXBuildFile; fileRef = 4F5F73442250362B009E8351 /* WeatherDataModel.m */; };
		4FC4E6A9224D09E300A53093 /* AppDelegate.m in Sources */ = {isa = PBXBuildFile; fileRef = 4FC4E6A8224D09E300A53093 /* AppDelegate.m */; };
		4FC4E6AC224D09E300A53093 /* WeatherViewController.m in Sources */ = {isa = PBXBuildFile; fileRef = 4FC4E6AB224D09E300A53093 /* WeatherViewController.m */; };
		4FC4E6AF224D09E300A53093 /* Main.storyboard in Resources */ = {isa = PBXBuildFile; fileRef = 4FC4E6AD224D09E300A53093 /* Main.storyboard */; };
		4FC4E6B1224D09E500A53093 /* Assets.xcassets in Resources */ = {isa = PBXBuildFile; fileRef = 4FC4E6B0224D09E500A53093 /* Assets.xcassets */; };
		4FC4E6B4224D09E500A53093 /* LaunchScreen.storyboard in Resources */ = {isa = PBXBuildFile; fileRef = 4FC4E6B2224D09E500A53093 /* LaunchScreen.storyboard */; };
		4FC4E6B7224D09E500A53093 /* main.m in Sources */ = {isa = PBXBuildFile; fileRef = 4FC4E6B6224D09E500A53093 /* main.m */; };
/* End PBXBuildFile section */

/* Begin PBXFileReference section */
		4F5F73432250362B009E8351 /* WeatherDataModel.h */ = {isa = PBXFileReference; lastKnownFileType = sourcecode.c.h; path = WeatherDataModel.h; sourceTree = "<group>"; };
		4F5F73442250362B009E8351 /* WeatherDataModel.m */ = {isa = PBXFileReference; lastKnownFileType = sourcecode.c.objc; path = WeatherDataModel.m; sourceTree = "<group>"; };
		4FC4E6A4224D09E300A53093 /* Clima-ObjC.app */ = {isa = PBXFileReference; explicitFileType = wrapper.application; includeInIndex = 0; path = "Clima-ObjC.app"; sourceTree = BUILT_PRODUCTS_DIR; };
		4FC4E6A7224D09E300A53093 /* AppDelegate.h */ = {isa = PBXFileReference; lastKnownFileType = sourcecode.c.h; path = AppDelegate.h; sourceTree = "<group>"; };
		4FC4E6A8224D09E300A53093 /* AppDelegate.m */ = {isa = PBXFileReference; lastKnownFileType = sourcecode.c.objc; path = AppDelegate.m; sourceTree = "<group>"; };
		4FC4E6AA224D09E300A53093 /* WeatherViewController.h */ = {isa = PBXFileReference; lastKnownFileType = sourcecode.c.h; path = WeatherViewController.h; sourceTree = "<group>"; };
		4FC4E6AB224D09E300A53093 /* WeatherViewController.m */ = {isa = PBXFileReference; lastKnownFileType = sourcecode.c.objc; path = WeatherViewController.m; sourceTree = "<group>"; };
		4FC4E6AE224D09E300A53093 /* Base */ = {isa = PBXFileReference; lastKnownFileType = file.storyboard; name = Base; path = Base.lproj/Main.storyboard; sourceTree = "<group>"; };
		4FC4E6B0224D09E500A53093 /* Assets.xcassets */ = {isa = PBXFileReference; lastKnownFileType = folder.assetcatalog; path = Assets.xcassets; sourceTree = "<group>"; };
		4FC4E6B3224D09E500A53093 /* Base */ = {isa = PBXFileReference; lastKnownFileType = file.storyboard; name = Base; path = Base.lproj/LaunchScreen.storyboard; sourceTree = "<group>"; };
		4FC4E6B5224D09E500A53093 /* Info.plist */ = {isa = PBXFileReference; lastKnownFileType = text.plist.xml; path = Info.plist; sourceTree = "<group>"; };
		4FC4E6B6224D09E500A53093 /* main.m */ = {isa = PBXFileReference; lastKnownFileType = sourcecode.c.objc; path = main.m; sourceTree = "<group>"; };
/* End PBXFileReference section */

/* Begin PBXFrameworksBuildPhase section */
		4FC4E6A1224D09E300A53093 /* Frameworks */ = {
			isa = PBXFrameworksBuildPhase;
			buildActionMask = 2147483647;
			files = (
			);
			runOnlyForDeploymentPostprocessing = 0;
		};
/* End PBXFrameworksBuildPhase section */

/* Begin PBXGroup section */
		4F5F7342225035FC009E8351 /* Model */ = {
			isa = PBXGroup;
			children = (
				4F5F73432250362B009E8351 /* WeatherDataModel.h */,
				4F5F73442250362B009E8351 /* WeatherDataModel.m */,
			);
			path = Model;
			sourceTree = "<group>";
		};
		4FC4E69B224D09E300A53093 = {
			isa = PBXGroup;
			children = (
				4FC4E6A6224D09E300A53093 /* Clima-ObjC */,
				4FC4E6A5224D09E300A53093 /* Products */,
			);
			sourceTree = "<group>";
		};
		4FC4E6A5224D09E300A53093 /* Products */ = {
			isa = PBXGroup;
			children = (
				4FC4E6A4224D09E300A53093 /* Clima-ObjC.app */,
			);
			name = Products;
			sourceTree = "<group>";
		};
		4FC4E6A6224D09E300A53093 /* Clima-ObjC */ = {
			isa = PBXGroup;
			children = (
				4F5F7342225035FC009E8351 /* Model */,
				4FC4E6A7224D09E300A53093 /* AppDelegate.h */,
				4FC4E6A8224D09E300A53093 /* AppDelegate.m */,
				4FC4E6AA224D09E300A53093 /* WeatherViewController.h */,
				4FC4E6AB224D09E300A53093 /* WeatherViewController.m */,
				4FC4E6AD224D09E300A53093 /* Main.storyboard */,
				4FC4E6B0224D09E500A53093 /* Assets.xcassets */,
				4FC4E6B2224D09E500A53093 /* LaunchScreen.storyboard */,
				4FC4E6B5224D09E500A53093 /* Info.plist */,
				4FC4E6B6224D09E500A53093 /* main.m */,
			);
			path = "Clima-ObjC";
			sourceTree = "<group>";
		};
/* End PBXGroup section */

/* Begin PBXNativeTarget section */
		4FC4E6A3224D09E300A53093 /* Clima-ObjC */ = {
			isa = PBXNativeTarget;
			buildConfigurationList = 4FC4E6BA224D09E500A53093 /* Build configuration list for PBXNativeTarget "Clima-ObjC" */;
			buildPhases = (
				4FC4E6A0224D09E300A53093 /* Sources */,
				4FC4E6A1224D09E300A53093 /* Frameworks */,
				4FC4E6A2224D09E300A53093 /* Resources */,
			);
			buildRules = (
			);
			dependencies = (
			);
			name = "Clima-ObjC";
			productName = "Clima-ObjC";
			productReference = 4FC4E6A4224D09E300A53093 /* Clima-ObjC.app */;
			productType = "com.apple.product-type.application";
		};
/* End PBXNativeTarget section */

/* Begin PBXProject section */
		4FC4E69C224D09E300A53093 /* Project object */ = {
			isa = PBXProject;
			attributes = {
				LastUpgradeCheck = 1020;
				ORGANIZATIONNAME = "A&D Progress";
				TargetAttributes = {
					4FC4E6A3224D09E300A53093 = {
						CreatedOnToolsVersion = 10.2;
					};
				};
			};
			buildConfigurationList = 4FC4E69F224D09E300A53093 /* Build configuration list for PBXProject "Clima-ObjC" */;
			compatibilityVersion = "Xcode 9.3";
			developmentRegion = en;
			hasScannedForEncodings = 0;
			knownRegions = (
				en,
				Base,
			);
			mainGroup = 4FC4E69B224D09E300A53093;
			productRefGroup = 4FC4E6A5224D09E300A53093 /* Products */;
			projectDirPath = "";
			projectRoot = "";
			targets = (
				4FC4E6A3224D09E300A53093 /* Clima-ObjC */,
			);
		};
/* End PBXProject section */

/* Begin PBXResourcesBuildPhase section */
		4FC4E6A2224D09E300A53093 /* Resources */ = {
			isa = PBXResourcesBuildPhase;
			buildActionMask = 2147483647;
			files = (
				4FC4E6B4224D09E500A53093 /* LaunchScreen.storyboard in Resources */,
				4FC4E6B1224D09E500A53093 /* Assets.xcassets in Resources */,
				4FC4E6AF224D09E300A53093 /* Main.storyboard in Resources */,
			);
			runOnlyForDeploymentPostprocessing = 0;
		};
/* End PBXResourcesBuildPhase section */

/* Begin PBXSourcesBuildPhase section */
		4FC4E6A0224D09E300A53093 /* Sources */ = {
			isa = PBXSourcesBuildPhase;
			buildActionMask = 2147483647;
			files = (
				4F5F73452250362B009E8351 /* WeatherDataModel.m in Sources */,
				4FC4E6AC224D09E300A53093 /* WeatherViewController.m in Sources */,
				4FC4E6B7224D09E500A53093 /* main.m in Sources */,
				4FC4E6A9224D09E300A53093 /* AppDelegate.m in Sources */,
			);
			runOnlyForDeploymentPostprocessing = 0;
		};
/* End PBXSourcesBuildPhase section */

/* Begin PBXVariantGroup section */
		4FC4E6AD224D09E300A53093 /* Main.storyboard */ = {
			isa = PBXVariantGroup;
			children = (
				4FC4E6AE224D09E300A53093 /* Base */,
			);
			name = Main.storyboard;
			sourceTree = "<group>";
		};
		4FC4E6B2224D09E500A53093 /* LaunchScreen.storyboard */ = {
			isa = PBXVariantGroup;
			children = (
				4FC4E6B3224D09E500A53093 /* Base */,
			);
			name = LaunchScreen.storyboard;
			sourceTree = "<group>";
		};
/* End PBXVariantGroup section */

/* Begin XCBuildConfiguration section */
		4FC4E6B8224D09E500A53093 /* Debug */ = {
			isa = XCBuildConfiguration;
			buildSettings = {
				ALWAYS_SEARCH_USER_PATHS = NO;
				CLANG_ANALYZER_NONNULL = YES;
				CLANG_ANALYZER_NUMBER_OBJECT_CONVERSION = YES_AGGRESSIVE;
				CLANG_CXX_LANGUAGE_STANDARD = "gnu++14";
				CLANG_CXX_LIBRARY = "libc++";
				CLANG_ENABLE_MODULES = YES;
				CLANG_ENABLE_OBJC_ARC = YES;
				CLANG_ENABLE_OBJC_WEAK = YES;
				CLANG_WARN_BLOCK_CAPTURE_AUTORELEASING = YES;
				CLANG_WARN_BOOL_CONVERSION = YES;
				CLANG_WARN_COMMA = YES;
				CLANG_WARN_CONSTANT_CONVERSION = YES;
				CLANG_WARN_DEPRECATED_OBJC_IMPLEMENTATIONS = YES;
				CLANG_WARN_DIRECT_OBJC_ISA_USAGE = YES_ERROR;
				CLANG_WARN_DOCUMENTATION_COMMENTS = YES;
				CLANG_WARN_EMPTY_BODY = YES;
				CLANG_WARN_ENUM_CONVERSION = YES;
				CLANG_WARN_INFINITE_RECURSION = YES;
				CLANG_WARN_INT_CONVERSION = YES;
				CLANG_WARN_NON_LITERAL_NULL_CONVERSION = YES;
				CLANG_WARN_OBJC_IMPLICIT_RETAIN_SELF = YES;
				CLANG_WARN_OBJC_LITERAL_CONVERSION = YES;
				CLANG_WARN_OBJC_ROOT_CLASS = YES_ERROR;
				CLANG_WARN_RANGE_LOOP_ANALYSIS = YES;
				CLANG_WARN_STRICT_PROTOTYPES = YES;
				CLANG_WARN_SUSPICIOUS_MOVE = YES;
				CLANG_WARN_UNGUARDED_AVAILABILITY = YES_AGGRESSIVE;
				CLANG_WARN_UNREACHABLE_CODE = YES;
				CLANG_WARN__DUPLICATE_METHOD_MATCH = YES;
				CODE_SIGN_IDENTITY = "iPhone Developer";
				COPY_PHASE_STRIP = NO;
				DEBUG_INFORMATION_FORMAT = dwarf;
				ENABLE_STRICT_OBJC_MSGSEND = YES;
				ENABLE_TESTABILITY = YES;
				GCC_C_LANGUAGE_STANDARD = gnu11;
				GCC_DYNAMIC_NO_PIC = NO;
				GCC_NO_COMMON_BLOCKS = YES;
				GCC_OPTIMIZATION_LEVEL = 0;
				GCC_PREPROCESSOR_DEFINITIONS = (
					"DEBUG=1",
					"$(inherited)",
				);
				GCC_WARN_64_TO_32_BIT_CONVERSION = YES;
				GCC_WARN_ABOUT_RETURN_TYPE = YES_ERROR;
				GCC_WARN_UNDECLARED_SELECTOR = YES;
				GCC_WARN_UNINITIALIZED_AUTOS = YES_AGGRESSIVE;
				GCC_WARN_UNUSED_FUNCTION = YES;
				GCC_WARN_UNUSED_VARIABLE = YES;
				IPHONEOS_DEPLOYMENT_TARGET = 12.2;
				MTL_ENABLE_DEBUG_INFO = INCLUDE_SOURCE;
				MTL_FAST_MATH = YES;
				ONLY_ACTIVE_ARCH = YES;
				SDKROOT = iphoneos;
			};
			name = Debug;
		};
		4FC4E6B9224D09E500A53093 /* Release */ = {
			isa = XCBuildConfiguration;
			buildSettings = {
				ALWAYS_SEARCH_USER_PATHS = NO;
				CLANG_ANALYZER_NONNULL = YES;
				CLANG_ANALYZER_NUMBER_OBJECT_CONVERSION = YES_AGGRESSIVE;
				CLANG_CXX_LANGUAGE_STANDARD = "gnu++14";
				CLANG_CXX_LIBRARY = "libc++";
				CLANG_ENABLE_MODULES = YES;
				CLANG_ENABLE_OBJC_ARC = YES;
				CLANG_ENABLE_OBJC_WEAK = YES;
				CLANG_WARN_BLOCK_CAPTURE_AUTORELEASING = YES;
				CLANG_WARN_BOOL_CONVERSION = YES;
				CLANG_WARN_COMMA = YES;
				CLANG_WARN_CONSTANT_CONVERSION = YES;
				CLANG_WARN_DEPRECATED_OBJC_IMPLEMENTATIONS = YES;
				CLANG_WARN_DIRECT_OBJC_ISA_USAGE = YES_ERROR;
				CLANG_WARN_DOCUMENTATION_COMMENTS = YES;
				CLANG_WARN_EMPTY_BODY = YES;
				CLANG_WARN_ENUM_CONVERSION = YES;
				CLANG_WARN_INFINITE_RECURSION = YES;
				CLANG_WARN_INT_CONVERSION = YES;
				CLANG_WARN_NON_LITERAL_NULL_CONVERSION = YES;
				CLANG_WARN_OBJC_IMPLICIT_RETAIN_SELF = YES;
				CLANG_WARN_OBJC_LITERAL_CONVERSION = YES;
				CLANG_WARN_OBJC_ROOT_CLASS = YES_ERROR;
				CLANG_WARN_RANGE_LOOP_ANALYSIS = YES;
				CLANG_WARN_STRICT_PROTOTYPES = YES;
				CLANG_WARN_SUSPICIOUS_MOVE = YES;
				CLANG_WARN_UNGUARDED_AVAILABILITY = YES_AGGRESSIVE;
				CLANG_WARN_UNREACHABLE_CODE = YES;
				CLANG_WARN__DUPLICATE_METHOD_MATCH = YES;
				CODE_SIGN_IDENTITY = "iPhone Developer";
				COPY_PHASE_STRIP = NO;
				DEBUG_INFORMATION_FORMAT = "dwarf-with-dsym";
				ENABLE_NS_ASSERTIONS = NO;
				ENABLE_STRICT_OBJC_MSGSEND = YES;
				GCC_C_LANGUAGE_STANDARD = gnu11;
				GCC_NO_COMMON_BLOCKS = YES;
				GCC_WARN_64_TO_32_BIT_CONVERSION = YES;
				GCC_WARN_ABOUT_RETURN_TYPE = YES_ERROR;
				GCC_WARN_UNDECLARED_SELECTOR = YES;
				GCC_WARN_UNINITIALIZED_AUTOS = YES_AGGRESSIVE;
				GCC_WARN_UNUSED_FUNCTION = YES;
				GCC_WARN_UNUSED_VARIABLE = YES;
				IPHONEOS_DEPLOYMENT_TARGET = 12.2;
				MTL_ENABLE_DEBUG_INFO = NO;
				MTL_FAST_MATH = YES;
				SDKROOT = iphoneos;
				VALIDATE_PRODUCT = YES;
			};
			name = Release;
		};
		4FC4E6BB224D09E500A53093 /* Debug */ = {
			isa = XCBuildConfiguration;
			buildSettings = {
				ASSETCATALOG_COMPILER_APPICON_NAME = AppIcon;
				CODE_SIGN_STYLE = Automatic;
				DEVELOPMENT_TEAM = 6GDWE93PAP;
				INFOPLIST_FILE = "Clima-ObjC/Info.plist";
				IPHONEOS_DEPLOYMENT_TARGET = 10.0;
				LD_RUNPATH_SEARCH_PATHS = (
					"$(inherited)",
					"@executable_path/Frameworks",
				);
				PRODUCT_BUNDLE_IDENTIFIER = "com.adprogress.Clima-ObjC";
				PRODUCT_NAME = "$(TARGET_NAME)";
				TARGETED_DEVICE_FAMILY = 1;
			};
			name = Debug;
		};
		4FC4E6BC224D09E500A53093 /* Release */ = {
			isa = XCBuildConfiguration;
			buildSettings = {
				ASSETCATALOG_COMPILER_APPICON_NAME = AppIcon;
				CODE_SIGN_STYLE = Automatic;
				DEVELOPMENT_TEAM = 6GDWE93PAP;
				INFOPLIST_FILE = "Clima-ObjC/Info.plist";
				IPHONEOS_DEPLOYMENT_TARGET = 10.0;
				LD_RUNPATH_SEARCH_PATHS = (
					"$(inherited)",
					"@executable_path/Frameworks",
				);
				PRODUCT_BUNDLE_IDENTIFIER = "com.adprogress.Clima-ObjC";
				PRODUCT_NAME = "$(TARGET_NAME)";
				TARGETED_DEVICE_FAMILY = 1;
			};
			name = Release;
		};
/* End XCBuildConfiguration section */

/* Begin XCConfigurationList section */
		4FC4E69F224D09E300A53093 /* Build configuration list for PBXProject "Clima-ObjC" */ = {
			isa = XCConfigurationList;
			buildConfigurations = (
				4FC4E6B8224D09E500A53093 /* Debug */,
				4FC4E6B9224D09E500A53093 /* Release */,
			);
			defaultConfigurationIsVisible = 0;
			defaultConfigurationName = Release;
		};
		4FC4E6BA224D09E500A53093 /* Build configuration list for PBXNativeTarget "Clima-ObjC" */ = {
			isa = XCConfigurationList;
			buildConfigurations = (
				4FC4E6BB224D09E500A53093 /* Debug */,
				4FC4E6BC224D09E500A53093 /* Release */,
			);
			defaultConfigurationIsVisible = 0;
			defaultConfigurationName = Release;
		};
/* End XCConfigurationList section */
	};
	rootObject = 4FC4E69C224D09E300A53093 /* Project object */;
}
